
Microsoft Visual Studio Solution File, Format Version 12.00
# Visual Studio 14
VisualStudioVersion = 14.0.23107.0
MinimumVisualStudioVersion = 10.0.40219.1
Project("{FAE04EC0-301F-11D3-BF4B-00C04F79EFBC}") = "1.RemoveNegativesAndReverse", "Lists and Matrices - Lab\1.RemoveNegativesAndReverse.csproj", "{664DEE2B-A97D-455A-BF16-11D5307194B1}"
EndProject
Project("{FAE04EC0-301F-11D3-BF4B-00C04F79EFBC}") = "2.AppendLists", "2.AppendLists\2.AppendLists.csproj", "{1D3D047B-B9F1-48BB-8995-647CE17BD973}"
EndProject
Project("{FAE04EC0-301F-11D3-BF4B-00C04F79EFBC}") = "3.SumAdjacentEqualNumbers", "3.SumAdjacentEqualNumbers\3.SumAdjacentEqualNumbers.csproj", "{0EDB6E6C-273D-43D9-A42F-8FEC85CA1A11}"
EndProject
Project("{FAE04EC0-301F-11D3-BF4B-00C04F79EFBC}") = "4.SplitByWordCasing", "4.SplitByWordCasing\4.SplitByWordCasing.csproj", "{B022129E-3308-4310-8AB5-BEB7BF0F3C3F}"
EndProject
Project("{FAE04EC0-301F-11D3-BF4B-00C04F79EFBC}") = "5.SortNumbers", "5.SortNumbers\5.SortNumbers.csproj", "{980EDD00-3387-4347-807D-F693A6FF58F5}"
EndProject
Project("{FAE04EC0-301F-11D3-BF4B-00C04F79EFBC}") = "6.SquareNumbers", "6.SquareNumbers\6.SquareNumbers.csproj", "{DE9501B3-7B7F-4776-B46A-2BD72FA74DD5}"
EndProject
Project("{FAE04EC0-301F-11D3-BF4B-00C04F79EFBC}") = "7.CountNumbers", "7.CountNumbers\7.CountNumbers.csproj", "{6A761E69-10D4-42CB-85ED-532CAD5EF6F2}"
EndProject
Project("{FAE04EC0-301F-11D3-BF4B-00C04F79EFBC}") = "8.BuildAMatrixOfLetters", "8.BuildAMatrixOfLetters\8.BuildAMatrixOfLetters.csproj", "{53A733E3-F45D-4943-9DE7-16473E9285EC}"
EndProject
Project("{FAE04EC0-301F-11D3-BF4B-00C04F79EFBC}") = "9.RotateAMatrix", "9.RotateAMatrix\9.RotateAMatrix.csproj", "{BC5AE7C1-8B0B-47A2-A2A8-8AB2C698043E}"
EndProject
Global
	GlobalSection(SolutionConfigurationPlatforms) = preSolution
		Debug|Any CPU = Debug|Any CPU
		Release|Any CPU = Release|Any CPU
	EndGlobalSection
	GlobalSection(ProjectConfigurationPlatforms) = postSolution
		{664DEE2B-A97D-455A-BF16-11D5307194B1}.Debug|Any CPU.ActiveCfg = Debug|Any CPU
		{664DEE2B-A97D-455A-BF16-11D5307194B1}.Debug|Any CPU.Build.0 = Debug|Any CPU
		{664DEE2B-A97D-455A-BF16-11D5307194B1}.Release|Any CPU.ActiveCfg = Release|Any CPU
		{664DEE2B-A97D-455A-BF16-11D5307194B1}.Release|Any CPU.Build.0 = Release|Any CPU
		{1D3D047B-B9F1-48BB-8995-647CE17BD973}.Debug|Any CPU.ActiveCfg = Debug|Any CPU
		{1D3D047B-B9F1-48BB-8995-647CE17BD973}.Debug|Any CPU.Build.0 = Debug|Any CPU
		{1D3D047B-B9F1-48BB-8995-647CE17BD973}.Release|Any CPU.ActiveCfg = Release|Any CPU
		{1D3D047B-B9F1-48BB-8995-647CE17BD973}.Release|Any CPU.Build.0 = Release|Any CPU
		{0EDB6E6C-273D-43D9-A42F-8FEC85CA1A11}.Debug|Any CPU.ActiveCfg = Debug|Any CPU
		{0EDB6E6C-273D-43D9-A42F-8FEC85CA1A11}.Debug|Any CPU.Build.0 = Debug|Any CPU
		{0EDB6E6C-273D-43D9-A42F-8FEC85CA1A11}.Release|Any CPU.ActiveCfg = Release|Any CPU
		{0EDB6E6C-273D-43D9-A42F-8FEC85CA1A11}.Release|Any CPU.Build.0 = Release|Any CPU
		{B022129E-3308-4310-8AB5-BEB7BF0F3C3F}.Debug|Any CPU.ActiveCfg = Debug|Any CPU
		{B022129E-3308-4310-8AB5-BEB7BF0F3C3F}.Debug|Any CPU.Build.0 = Debug|Any CPU
		{B022129E-3308-4310-8AB5-BEB7BF0F3C3F}.Release|Any CPU.ActiveCfg = Release|Any CPU
		{B022129E-3308-4310-8AB5-BEB7BF0F3C3F}.Release|Any CPU.Build.0 = Release|Any CPU
		{980EDD00-3387-4347-807D-F693A6FF58F5}.Debug|Any CPU.ActiveCfg = Debug|Any CPU
		{980EDD00-3387-4347-807D-F693A6FF58F5}.Debug|Any CPU.Build.0 = Debug|Any CPU
		{980EDD00-3387-4347-807D-F693A6FF58F5}.Release|Any CPU.ActiveCfg = Release|Any CPU
		{980EDD00-3387-4347-807D-F693A6FF58F5}.Release|Any CPU.Build.0 = Release|Any CPU
		{DE9501B3-7B7F-4776-B46A-2BD72FA74DD5}.Debug|Any CPU.ActiveCfg = Debug|Any CPU
		{DE9501B3-7B7F-4776-B46A-2BD72FA74DD5}.Debug|Any CPU.Build.0 = Debug|Any CPU
		{DE9501B3-7B7F-4776-B46A-2BD72FA74DD5}.Release|Any CPU.ActiveCfg = Release|Any CPU
		{DE9501B3-7B7F-4776-B46A-2BD72FA74DD5}.Release|Any CPU.Build.0 = Release|Any CPU
		{6A761E69-10D4-42CB-85ED-532CAD5EF6F2}.Debug|Any CPU.ActiveCfg = Debug|Any CPU
		{6A761E69-10D4-42CB-85ED-532CAD5EF6F2}.Debug|Any CPU.Build.0 = Debug|Any CPU
		{6A761E69-10D4-42CB-85ED-532CAD5EF6F2}.Release|Any CPU.ActiveCfg = Release|Any CPU
		{6A761E69-10D4-42CB-85ED-532CAD5EF6F2}.Release|Any CPU.Build.0 = Release|Any CPU
		{53A733E3-F45D-4943-9DE7-16473E9285EC}.Debug|Any CPU.ActiveCfg = Debug|Any CPU
		{53A733E3-F45D-4943-9DE7-16473E9285EC}.Debug|Any CPU.Build.0 = Debug|Any CPU
		{53A733E3-F45D-4943-9DE7-16473E9285EC}.Release|Any CPU.ActiveCfg = Release|Any CPU
		{53A733E3-F45D-4943-9DE7-16473E9285EC}.Release|Any CPU.Build.0 = Release|Any CPU
		{BC5AE7C1-8B0B-47A2-A2A8-8AB2C698043E}.Debug|Any CPU.ActiveCfg = Debug|Any CPU
		{BC5AE7C1-8B0B-47A2-A2A8-8AB2C698043E}.Debug|Any CPU.Build.0 = Debug|Any CPU
		{BC5AE7C1-8B0B-47A2-A2A8-8AB2C698043E}.Release|Any CPU.ActiveCfg = Release|Any CPU
		{BC5AE7C1-8B0B-47A2-A2A8-8AB2C698043E}.Release|Any CPU.Build.0 = Release|Any CPU
	EndGlobalSection
	GlobalSection(SolutionProperties) = preSolution
		HideSolutionNode = FALSE
	EndGlobalSection
EndGlobal
