
Microsoft Visual Studio Solution File, Format Version 12.00
# Visual Studio 14
VisualStudioVersion = 14.0.23107.0
MinimumVisualStudioVersion = 10.0.40219.1
Project("{FAE04EC0-301F-11D3-BF4B-00C04F79EFBC}") = "1. Sum of 3 Numbers", "Console Input Output Homework\1. Sum of 3 Numbers.csproj", "{A7CC0197-9E35-41FF-96B1-A0B616D2EBE2}"
EndProject
Project("{FAE04EC0-301F-11D3-BF4B-00C04F79EFBC}") = "2. Print Company Information", "Print Company Information\2. Print Company Information.csproj", "{2293C492-88B3-4CBB-B545-1E771C29EAA6}"
EndProject
Global
	GlobalSection(SolutionConfigurationPlatforms) = preSolution
		Debug|Any CPU = Debug|Any CPU
		Release|Any CPU = Release|Any CPU
	EndGlobalSection
	GlobalSection(ProjectConfigurationPlatforms) = postSolution
		{A7CC0197-9E35-41FF-96B1-A0B616D2EBE2}.Debug|Any CPU.ActiveCfg = Debug|Any CPU
		{A7CC0197-9E35-41FF-96B1-A0B616D2EBE2}.Debug|Any CPU.Build.0 = Debug|Any CPU
		{A7CC0197-9E35-41FF-96B1-A0B616D2EBE2}.Release|Any CPU.ActiveCfg = Release|Any CPU
		{A7CC0197-9E35-41FF-96B1-A0B616D2EBE2}.Release|Any CPU.Build.0 = Release|Any CPU
		{2293C492-88B3-4CBB-B545-1E771C29EAA6}.Debug|Any CPU.ActiveCfg = Debug|Any CPU
		{2293C492-88B3-4CBB-B545-1E771C29EAA6}.Debug|Any CPU.Build.0 = Debug|Any CPU
		{2293C492-88B3-4CBB-B545-1E771C29EAA6}.Release|Any CPU.ActiveCfg = Release|Any CPU
		{2293C492-88B3-4CBB-B545-1E771C29EAA6}.Release|Any CPU.Build.0 = Release|Any CPU
	EndGlobalSection
	GlobalSection(SolutionProperties) = preSolution
		HideSolutionNode = FALSE
	EndGlobalSection
EndGlobal
