
Microsoft Visual Studio Solution File, Format Version 12.00
# Visual Studio 14
VisualStudioVersion = 14.0.23107.0
MinimumVisualStudioVersion = 10.0.40219.1
Project("{FAE04EC0-301F-11D3-BF4B-00C04F79EFBC}") = "1. Odd or Even Integers", "Operators xpressions and Statements\1. Odd or Even Integers.csproj", "{EF53764A-CDB3-49A3-AB1B-83A2EA589D49}"
EndProject
Project("{FAE04EC0-301F-11D3-BF4B-00C04F79EFBC}") = "2.Gravitation on the Moon", "2.Gravitation on the Moon\2.Gravitation on the Moon.csproj", "{E8E8E462-17D4-4B1B-952D-E99014EF7E3D}"
EndProject
Project("{FAE04EC0-301F-11D3-BF4B-00C04F79EFBC}") = "3. Divide by 7 and 5", "3. Divide by 7 and 5\3. Divide by 7 and 5.csproj", "{41B85B6B-85CF-4F77-9576-8D2ADFEC4788}"
EndProject
Project("{FAE04EC0-301F-11D3-BF4B-00C04F79EFBC}") = "4. Rectangles", "Problem 4. Rectangles\4. Rectangles.csproj", "{1EA56155-E249-4922-BD81-1109E6989D4F}"
EndProject
Project("{FAE04EC0-301F-11D3-BF4B-00C04F79EFBC}") = "5. Third Digit is 7", "5. Third Digit is 7\5. Third Digit is 7.csproj", "{53EBB839-EC1B-4963-A6C4-1956DFF4C0D1}"
EndProject
Project("{FAE04EC0-301F-11D3-BF4B-00C04F79EFBC}") = "6. Four-Digit Number", "6. Four-Digit Number\6. Four-Digit Number.csproj", "{AB6E021A-E60B-4CB9-9FDB-198403F673C2}"
EndProject
Project("{FAE04EC0-301F-11D3-BF4B-00C04F79EFBC}") = "7. Point in a Circle", "7. Point in a Circle\7. Point in a Circle.csproj", "{CFD13325-E125-4EAA-A713-1C51C86F8E9D}"
EndProject
Project("{FAE04EC0-301F-11D3-BF4B-00C04F79EFBC}") = "8. Prime Number Check", "8. Prime Number Check\8. Prime Number Check.csproj", "{D48FC6E4-A521-4F11-9302-A15AE6A7FDB8}"
EndProject
Project("{FAE04EC0-301F-11D3-BF4B-00C04F79EFBC}") = "9. Trapezoids", "9. Trapezoids\9. Trapezoids.csproj", "{02BCF47B-E720-4EE3-B5A9-71FFDF91FFAE}"
EndProject
Project("{FAE04EC0-301F-11D3-BF4B-00C04F79EFBC}") = "10.PointinCircleOutsideOfARectangle", "10.PointinCircleOutsideOfARectangle\10.PointinCircleOutsideOfARectangle.csproj", "{A455C0EE-534E-4980-9FA7-25CEF7E320E3}"
EndProject
Project("{FAE04EC0-301F-11D3-BF4B-00C04F79EFBC}") = "11.BitwiseExtractBit", "11.BitwiseExtractBit\11.BitwiseExtractBit.csproj", "{51793080-CFF7-4038-B310-5C52F0824BC3}"
EndProject
Project("{FAE04EC0-301F-11D3-BF4B-00C04F79EFBC}") = "12.ExtractBitFromInteger", "12.ExtractBitFromInteger\12.ExtractBitFromInteger.csproj", "{65B0A428-F129-4F32-A9B6-966F05ECE375}"
EndProject
Project("{FAE04EC0-301F-11D3-BF4B-00C04F79EFBC}") = "13.CheckABitAtGivenPosition", "13.CheckABitAtGivenPosition\13.CheckABitAtGivenPosition.csproj", "{089FD6A8-2015-47DD-A08E-1CABE45EB107}"
EndProject
Project("{FAE04EC0-301F-11D3-BF4B-00C04F79EFBC}") = "14.ModifyABitAtGivenPosition", "14.ModifyABitAtGivenPosition\14.ModifyABitAtGivenPosition.csproj", "{4556B17C-C12D-480A-9AC9-6C90EA351E5D}"
EndProject
Global
	GlobalSection(SolutionConfigurationPlatforms) = preSolution
		Debug|Any CPU = Debug|Any CPU
		Release|Any CPU = Release|Any CPU
	EndGlobalSection
	GlobalSection(ProjectConfigurationPlatforms) = postSolution
		{EF53764A-CDB3-49A3-AB1B-83A2EA589D49}.Debug|Any CPU.ActiveCfg = Debug|Any CPU
		{EF53764A-CDB3-49A3-AB1B-83A2EA589D49}.Debug|Any CPU.Build.0 = Debug|Any CPU
		{EF53764A-CDB3-49A3-AB1B-83A2EA589D49}.Release|Any CPU.ActiveCfg = Release|Any CPU
		{EF53764A-CDB3-49A3-AB1B-83A2EA589D49}.Release|Any CPU.Build.0 = Release|Any CPU
		{E8E8E462-17D4-4B1B-952D-E99014EF7E3D}.Debug|Any CPU.ActiveCfg = Debug|Any CPU
		{E8E8E462-17D4-4B1B-952D-E99014EF7E3D}.Debug|Any CPU.Build.0 = Debug|Any CPU
		{E8E8E462-17D4-4B1B-952D-E99014EF7E3D}.Release|Any CPU.ActiveCfg = Release|Any CPU
		{E8E8E462-17D4-4B1B-952D-E99014EF7E3D}.Release|Any CPU.Build.0 = Release|Any CPU
		{41B85B6B-85CF-4F77-9576-8D2ADFEC4788}.Debug|Any CPU.ActiveCfg = Debug|Any CPU
		{41B85B6B-85CF-4F77-9576-8D2ADFEC4788}.Debug|Any CPU.Build.0 = Debug|Any CPU
		{41B85B6B-85CF-4F77-9576-8D2ADFEC4788}.Release|Any CPU.ActiveCfg = Release|Any CPU
		{41B85B6B-85CF-4F77-9576-8D2ADFEC4788}.Release|Any CPU.Build.0 = Release|Any CPU
		{1EA56155-E249-4922-BD81-1109E6989D4F}.Debug|Any CPU.ActiveCfg = Debug|Any CPU
		{1EA56155-E249-4922-BD81-1109E6989D4F}.Debug|Any CPU.Build.0 = Debug|Any CPU
		{1EA56155-E249-4922-BD81-1109E6989D4F}.Release|Any CPU.ActiveCfg = Release|Any CPU
		{1EA56155-E249-4922-BD81-1109E6989D4F}.Release|Any CPU.Build.0 = Release|Any CPU
		{53EBB839-EC1B-4963-A6C4-1956DFF4C0D1}.Debug|Any CPU.ActiveCfg = Debug|Any CPU
		{53EBB839-EC1B-4963-A6C4-1956DFF4C0D1}.Debug|Any CPU.Build.0 = Debug|Any CPU
		{53EBB839-EC1B-4963-A6C4-1956DFF4C0D1}.Release|Any CPU.ActiveCfg = Release|Any CPU
		{53EBB839-EC1B-4963-A6C4-1956DFF4C0D1}.Release|Any CPU.Build.0 = Release|Any CPU
		{AB6E021A-E60B-4CB9-9FDB-198403F673C2}.Debug|Any CPU.ActiveCfg = Debug|Any CPU
		{AB6E021A-E60B-4CB9-9FDB-198403F673C2}.Debug|Any CPU.Build.0 = Debug|Any CPU
		{AB6E021A-E60B-4CB9-9FDB-198403F673C2}.Release|Any CPU.ActiveCfg = Release|Any CPU
		{AB6E021A-E60B-4CB9-9FDB-198403F673C2}.Release|Any CPU.Build.0 = Release|Any CPU
		{CFD13325-E125-4EAA-A713-1C51C86F8E9D}.Debug|Any CPU.ActiveCfg = Debug|Any CPU
		{CFD13325-E125-4EAA-A713-1C51C86F8E9D}.Debug|Any CPU.Build.0 = Debug|Any CPU
		{CFD13325-E125-4EAA-A713-1C51C86F8E9D}.Release|Any CPU.ActiveCfg = Release|Any CPU
		{CFD13325-E125-4EAA-A713-1C51C86F8E9D}.Release|Any CPU.Build.0 = Release|Any CPU
		{D48FC6E4-A521-4F11-9302-A15AE6A7FDB8}.Debug|Any CPU.ActiveCfg = Debug|Any CPU
		{D48FC6E4-A521-4F11-9302-A15AE6A7FDB8}.Debug|Any CPU.Build.0 = Debug|Any CPU
		{D48FC6E4-A521-4F11-9302-A15AE6A7FDB8}.Release|Any CPU.ActiveCfg = Release|Any CPU
		{D48FC6E4-A521-4F11-9302-A15AE6A7FDB8}.Release|Any CPU.Build.0 = Release|Any CPU
		{02BCF47B-E720-4EE3-B5A9-71FFDF91FFAE}.Debug|Any CPU.ActiveCfg = Debug|Any CPU
		{02BCF47B-E720-4EE3-B5A9-71FFDF91FFAE}.Debug|Any CPU.Build.0 = Debug|Any CPU
		{02BCF47B-E720-4EE3-B5A9-71FFDF91FFAE}.Release|Any CPU.ActiveCfg = Release|Any CPU
		{02BCF47B-E720-4EE3-B5A9-71FFDF91FFAE}.Release|Any CPU.Build.0 = Release|Any CPU
		{A455C0EE-534E-4980-9FA7-25CEF7E320E3}.Debug|Any CPU.ActiveCfg = Debug|Any CPU
		{A455C0EE-534E-4980-9FA7-25CEF7E320E3}.Debug|Any CPU.Build.0 = Debug|Any CPU
		{A455C0EE-534E-4980-9FA7-25CEF7E320E3}.Release|Any CPU.ActiveCfg = Release|Any CPU
		{A455C0EE-534E-4980-9FA7-25CEF7E320E3}.Release|Any CPU.Build.0 = Release|Any CPU
		{51793080-CFF7-4038-B310-5C52F0824BC3}.Debug|Any CPU.ActiveCfg = Debug|Any CPU
		{51793080-CFF7-4038-B310-5C52F0824BC3}.Debug|Any CPU.Build.0 = Debug|Any CPU
		{51793080-CFF7-4038-B310-5C52F0824BC3}.Release|Any CPU.ActiveCfg = Release|Any CPU
		{51793080-CFF7-4038-B310-5C52F0824BC3}.Release|Any CPU.Build.0 = Release|Any CPU
		{65B0A428-F129-4F32-A9B6-966F05ECE375}.Debug|Any CPU.ActiveCfg = Debug|Any CPU
		{65B0A428-F129-4F32-A9B6-966F05ECE375}.Debug|Any CPU.Build.0 = Debug|Any CPU
		{65B0A428-F129-4F32-A9B6-966F05ECE375}.Release|Any CPU.ActiveCfg = Release|Any CPU
		{65B0A428-F129-4F32-A9B6-966F05ECE375}.Release|Any CPU.Build.0 = Release|Any CPU
		{089FD6A8-2015-47DD-A08E-1CABE45EB107}.Debug|Any CPU.ActiveCfg = Debug|Any CPU
		{089FD6A8-2015-47DD-A08E-1CABE45EB107}.Debug|Any CPU.Build.0 = Debug|Any CPU
		{089FD6A8-2015-47DD-A08E-1CABE45EB107}.Release|Any CPU.ActiveCfg = Release|Any CPU
		{089FD6A8-2015-47DD-A08E-1CABE45EB107}.Release|Any CPU.Build.0 = Release|Any CPU
		{4556B17C-C12D-480A-9AC9-6C90EA351E5D}.Debug|Any CPU.ActiveCfg = Debug|Any CPU
		{4556B17C-C12D-480A-9AC9-6C90EA351E5D}.Debug|Any CPU.Build.0 = Debug|Any CPU
		{4556B17C-C12D-480A-9AC9-6C90EA351E5D}.Release|Any CPU.ActiveCfg = Release|Any CPU
		{4556B17C-C12D-480A-9AC9-6C90EA351E5D}.Release|Any CPU.Build.0 = Release|Any CPU
	EndGlobalSection
	GlobalSection(SolutionProperties) = preSolution
		HideSolutionNode = FALSE
	EndGlobalSection
EndGlobal
